version = 1
revision = 3
requires-python = ">=3.12"

[[package]]
name = "annotated-types"
version = "0.7.0"
source = { registry = "https://pypi.org/simple" }
sdist = { url = "https://files.pythonhosted.org/packages/ee/67/531ea369ba64dcff5ec9c3402f9f51bf748cec26dde048a2f973a4eea7f5/annotated_types-0.7.0.tar.gz", hash = "sha256:aff07c09a53a08bc8cfccb9c85b05f1aa9a2a6f23728d790723543408344ce89", size = 16081, upload-time = "2024-05-20T21:33:25.928Z" }
wheels = [
    { url = "https://files.pythonhosted.org/packages/78/b6/6307fbef88d9b5ee7421e68d78a9f162e0da4900bc5f5793f6d3d0e34fb8/annotated_types-0.7.0-py3-none-any.whl", hash = "sha256:1f02e8b43a8fbbc3f3e0d4f0f4bfc8131bcb4eebe8849b8e5c773f3a1c582a53", size = 13643, upload-time = "2024-05-20T21:33:24.1Z" },
]

[[package]]
name = "anthropic"
version = "0.78.0"
source = { registry = "https://pypi.org/simple" }
dependencies = [
    { name = "anyio" },
    { name = "distro" },
    { name = "docstring-parser" },
    { name = "httpx" },
    { name = "jiter" },
    { name = "pydantic" },
    { name = "sniffio" },
    { name = "typing-extensions" },
]
sdist = { url = "https://files.pythonhosted.org/packages/ec/51/32849a48f9b1cfe80a508fd269b20bd8f0b1357c70ba092890fde5a6a10b/anthropic-0.78.0.tar.gz", hash = "sha256:55fd978ab9b049c61857463f4c4e9e092b24f892519c6d8078cee1713d8af06e", size = 509136, upload-time = "2026-02-05T17:52:04.986Z" }
wheels = [
    { url = "https://files.pythonhosted.org/packages/3b/03/2f50931a942e5e13f80e24d83406714672c57964be593fc046d81369335b/anthropic-0.78.0-py3-none-any.whl", hash = "sha256:2a9887d2e99d1b0f9fe08857a1e9fe5d2d4030455dbf9ac65aab052e2efaeac4", size = 405485, upload-time = "2026-02-05T17:52:03.674Z" },
]

[[package]]
name = "anyio"
version = "4.12.1"
source = { registry = "https://pypi.org/simple" }
dependencies = [
    { name = "idna" },
]
sdist = { url = "https://files.pythonhosted.org/packages/96/f0/5eb65b2bb0d09ac6776f2eb54adee6abe8228ea05b20a5ad0e4945de8aac/anyio-4.12.1.tar.gz", hash = "sha256:41cfcc3a4c85d3f05c932da7c26d0201ac36f72abd4435ba90d0464a3ffed703", size = 228685, upload-time = "2026-01-06T11:45:21.246Z" }
wheels = [
    { url = "https://files.pythonhosted.org/packages/38/0e/27be9fdef66e72d64c0cdc3cc2823101b80585f8119b5c112c2e8f5f7dab/anyio-4.12.1-py3-none-any.whl", hash = "sha256:d405828884fc140aa80a3c667b8beed277f1dfedec42ba031bd6ac3db606ab6c", size = 113592, upload-time = "2026-01-06T11:45:19.497Z" },
]

[[package]]
name = "certifi"
version = "2026.1.4"
source = { registry = "https://pypi.org/simple" }
sdist = { url = "https://files.pythonhosted.org/packages/e0/2d/a891ca51311197f6ad14a7ef42e2399f36cf2f9bd44752b3dc4eab60fdc5/certifi-2026.1.4.tar.gz", hash = "sha256:ac726dd470482006e014ad384921ed6438c457018f4b3d204aea4281258b2120", size = 154268, upload-time = "2026-01-04T02:42:41.825Z" }
wheels = [
    { url = "https://files.pythonhosted.org/packages/e6/ad/3cc14f097111b4de0040c83a525973216457bbeeb63739ef1ed275c1c021/certifi-2026.1.4-py3-none-any.whl", hash = "sha256:9943707519e4add1115f44c2bc244f782c0249876bf51b6599fee1ffbedd685c", size = 152900, upload-time = "2026-01-04T02:42:40.15Z" },
]

[[package]]
name = "colorama"
version = "0.4.6"
source = { registry = "https://pypi.org/simple" }
sdist = { url = "https://files.pythonhosted.org/packages/d8/53/6f443c9a4a8358a93a6792e2acffb9d9d5cb0a5cfd8802644b7b1c9a02e4/colorama-0.4.6.tar.gz", hash = "sha256:08695f5cb7ed6e0531a20572697297273c47b8cae5a63ffc6d6ed5c201be6e44", size = 27697, upload-time = "2022-10-25T02:36:22.414Z" }
wheels = [
    { url = "https://files.pythonhosted.org/packages/d1/d6/3965ed04c63042e047cb6a3e6ed1a63a35087b6a609aa3a15ed8ac56c221/colorama-0.4.6-py2.py3-none-any.whl", hash = "sha256:4f1d9991f5acc0ca119f9d443620b77f9d6b33703e51011c16baf57afb285fc6", size = 25335, upload-time = "2022-10-25T02:36:20.889Z" },
]

[[package]]
name = "distro"
version = "1.9.0"
source = { registry = "https://pypi.org/simple" }
sdist = { url = "https://files.pythonhosted.org/packages/fc/f8/98eea607f65de6527f8a2e8885fc8015d3e6f5775df186e443e0964a11c3/distro-1.9.0.tar.gz", hash = "sha256:2fa77c6fd8940f116ee1d6b94a2f90b13b5ea8d019b98bc8bafdcabcdd9bdbed", size = 60722, upload-time = "2023-12-24T09:54:32.31Z" }
wheels = [
    { url = "https://files.pythonhosted.org/packages/12/b3/231ffd4ab1fc9d679809f356cebee130ac7daa00d6d6f3206dd4fd137e9e/distro-1.9.0-py3-none-any.whl", hash = "sha256:7bffd925d65168f85027d8da9af6bddab658135b840670a223589bc0c8ef02b2", size = 20277, upload-time = "2023-12-24T09:54:30.421Z" },
]

[[package]]
name = "docstring-parser"
version = "0.17.0"
source = { registry = "https://pypi.org/simple" }
sdist = { url = "https://files.pythonhosted.org/packages/b2/9d/c3b43da9515bd270df0f80548d9944e389870713cc1fe2b8fb35fe2bcefd/docstring_parser-0.17.0.tar.gz", hash = "sha256:583de4a309722b3315439bb31d64ba3eebada841f2e2cee23b99df001434c912", size = 27442, upload-time = "2025-07-21T07:35:01.868Z" }
wheels = [
    { url = "https://files.pythonhosted.org/packages/55/e2/2537ebcff11c1ee1ff17d8d0b6f4db75873e3b0fb32c2d4a2ee31ecb310a/docstring_parser-0.17.0-py3-none-any.whl", hash = "sha256:cf2569abd23dce8099b300f9b4fa8191e9582dda731fd533daf54c4551658708", size = 36896, upload-time = "2025-07-21T07:35:00.684Z" },
]

[[package]]
name = "genai-prices"
version = "0.0.52"
source = { registry = "https://pypi.org/simple" }
dependencies = [
    { name = "httpx" },
    { name = "pydantic" },
]
sdist = { url = "https://files.pythonhosted.org/packages/8e/87/bdc11c1671e3a3fe701c3c4aaae4aa2bb7a84a6bb1812dfb5693c87d3872/genai_prices-0.0.52.tar.gz", hash = "sha256:0df7420b555fa3a48d09e5c7802ba35b5dfa9fd49b0c3bb2c150c59060d83f52", size = 58364, upload-time = "2026-01-28T12:07:49.386Z" }
wheels = [
    { url = "https://files.pythonhosted.org/packages/35/33/6316b4907a0bffc1bcc99074c7e2d01184fdfeee401c864146a40d55ad10/genai_prices-0.0.52-py3-none-any.whl", hash = "sha256:639e7a2ae7eddf5710febb9779b9c9e31ff5acf464b4eb1f6018798ea642e6d3", size = 60937, upload-time = "2026-01-28T12:07:47.921Z" },
]

[[package]]
name = "h11"
version = "0.16.0"
source = { registry = "https://pypi.org/simple" }
sdist = { url = "https://files.pythonhosted.org/packages/01/ee/02a2c011bdab74c6fb3c75474d40b3052059d95df7e73351460c8588d963/h11-0.16.0.tar.gz", hash = "sha256:4e35b956cf45792e4caa5885e69fba00bdbc6ffafbfa020300e549b208ee5ff1", size = 101250, upload-time = "2025-04-24T03:35:25.427Z" }
wheels = [
    { url = "https://files.pythonhosted.org/packages/04/4b/29cac41a4d98d144bf5f6d33995617b185d14b22401f75ca86f384e87ff1/h11-0.16.0-py3-none-any.whl", hash = "sha256:63cf8bbe7522de3bf65932fda1d9c2772064ffb3dae62d55932da54b31cb6c86", size = 37515, upload-time = "2025-04-24T03:35:24.344Z" },
]

[[package]]
name = "httpcore"
version = "1.0.9"
source = { registry = "https://pypi.org/simple" }
dependencies = [
    { name = "certifi" },
    { name = "h11" },
]
sdist = { url = "https://files.pythonhosted.org/packages/06/94/82699a10bca87a5556c9c59b5963f2d039dbd239f25bc2a63907a05a14cb/httpcore-1.0.9.tar.gz", hash = "sha256:6e34463af53fd2ab5d807f399a9b45ea31c3dfa2276f15a2c3f00afff6e176e8", size = 85484, upload-time = "2025-04-24T22:06:22.219Z" }
wheels = [
    { url = "https://files.pythonhosted.org/packages/7e/f5/f66802a942d491edb555dd61e3a9961140fd64c90bce1eafd741609d334d/httpcore-1.0.9-py3-none-any.whl", hash = "sha256:2d400746a40668fc9dec9810239072b40b4484b640a8c38fd654a024c7a1bf55", size = 78784, upload-time = "2025-04-24T22:06:20.566Z" },
]

[[package]]
name = "httpx"
version = "0.28.1"
source = { registry = "https://pypi.org/simple" }
dependencies = [
    { name = "anyio" },
    { name = "certifi" },
    { name = "httpcore" },
    { name = "idna" },
]
sdist = { url = "https://files.pythonhosted.org/packages/b1/df/48c586a5fe32a0f01324ee087459e112ebb7224f646c0b5023f5e79e9956/httpx-0.28.1.tar.gz", hash = "sha256:75e98c5f16b0f35b567856f597f06ff2270a374470a5c2392242528e3e3e42fc", size = 141406, upload-time = "2024-12-06T15:37:23.222Z" }
wheels = [
    { url = "https://files.pythonhosted.org/packages/2a/39/e50c7c3a983047577ee07d2a9e53faf5a69493943ec3f6a384bdc792deb2/httpx-0.28.1-py3-none-any.whl", hash = "sha256:d909fcccc110f8c7faf814ca82a9a4d816bc5a6dbfea25d6591d6985b8ba59ad", size = 73517, upload-time = "2024-12-06T15:37:21.509Z" },
]

[[package]]
name = "idna"
version = "3.11"
source = { registry = "https://pypi.org/simple" }
sdist = { url = "https://files.pythonhosted.org/packages/6f/6d/0703ccc57f3a7233505399edb88de3cbd678da106337b9fcde432b65ed60/idna-3.11.tar.gz", hash = "sha256:795dafcc9c04ed0c1fb032c2aa73654d8e8c5023a7df64a53f39190ada629902", size = 194582, upload-time = "2025-10-12T14:55:20.501Z" }
wheels = [
    { url = "https://files.pythonhosted.org/packages/0e/61/66938bbb5fc52dbdf84594873d5b51fb1f7c7794e9c0f5bd885f30bc507b/idna-3.11-py3-none-any.whl", hash = "sha256:771a87f49d9defaf64091e6e6fe9c18d4833f140bd19464795bc32d966ca37ea", size = 71008, upload-time = "2025-10-12T14:55:18.883Z" },
]

[[package]]
name = "iniconfig"
version = "2.3.0"
source = { registry = "https://pypi.org/simple" }
sdist = { url = "https://files.pythonhosted.org/packages/72/34/14ca021ce8e5dfedc35312d08ba8bf51fdd999c576889fc2c24cb97f4f10/iniconfig-2.3.0.tar.gz", hash = "sha256:c76315c77db068650d49c5b56314774a7804df16fee4402c1f19d6d15d8c4730", size = 20503, upload-time = "2025-10-18T21:55:43.219Z" }
wheels = [
    { url = "https://files.pythonhosted.org/packages/cb/b1/3846dd7f199d53cb17f49cba7e651e9ce294d8497c8c150530ed11865bb8/iniconfig-2.3.0-py3-none-any.whl", hash = "sha256:f631c04d2c48c52b84d0d0549c99ff3859c98df65b3101406327ecc7d53fbf12", size = 7484, upload-time = "2025-10-18T21:55:41.639Z" },
]

[[package]]
name = "jiter"
version = "0.13.0"
source = { registry = "https://pypi.org/simple" }
sdist = { url = "https://files.pythonhosted.org/packages/0d/5e/4ec91646aee381d01cdb9974e30882c9cd3b8c5d1079d6b5ff4af522439a/jiter-0.13.0.tar.gz", hash = "sha256:f2839f9c2c7e2dffc1bc5929a510e14ce0a946be9365fd1219e7ef342dae14f4", size = 164847, upload-time = "2026-02-02T12:37:56.441Z" }
wheels = [
    { url = "https://files.pythonhosted.org/packages/6e/f5/f1997e987211f6f9bd71b8083047b316208b4aca0b529bb5f8c96c89ef3e/jiter-0.13.0-cp314-cp314-macosx_10_12_x86_64.whl", hash = "sha256:cc5223ab19fe25e2f0bf2643204ad7318896fe3729bf12fde41b77bfc4fafff0", size = 308804, upload-time = "2026-02-02T12:36:43.496Z" },
    { url = "https://files.pythonhosted.org/packages/cd/8f/5482a7677731fd44881f0204981ce2d7175db271f82cba2085dd2212e095/jiter-0.13.0-cp314-cp314-macosx_11_0_arm64.whl", hash = "sha256:9776ebe51713acf438fd9b4405fcd86893ae5d03487546dae7f34993217f8a91", size = 318787, upload-time = "2026-02-02T12:36:45.071Z" },
    { url = "https://files.pythonhosted.org/packages/f3/b9/7257ac59778f1cd025b26a23c5520a36a424f7f1b068f2442a5b499b7464/jiter-0.13.0-cp314-cp314-manylinux_2_17_aarch64.manylinux2014_aarch64.whl", hash = "sha256:879e768938e7b49b5e90b7e3fecc0dbec01b8cb89595861fb39a8967c5220d09", size = 353880, upload-time = "2026-02-02T12:36:47.365Z" },
    { url = "https://files.pythonhosted.org/packages/c3/87/719eec4a3f0841dad99e3d3604ee4cba36af4419a76f3cb0b8e2e691ad67/jiter-0.13.0-cp314-cp314-manylinux_2_17_armv7l.manylinux2014_armv7l.whl", hash = "sha256:682161a67adea11e3aae9038c06c8b4a9a71023228767477d683f69903ebc607", size = 366702, upload-time = "2026-02-02T12:36:48.871Z" },
    { url = "https://files.pythonhosted.org/packages/d2/65/415f0a75cf6921e43365a1bc227c565cb949caca8b7532776e430cbaa530/jiter-0.13.0-cp314-cp314-manylinux_2_17_ppc64le.manylinux2014_ppc64le.whl", hash = "sha256:a13b68cd1cd8cc9de8f244ebae18ccb3e4067ad205220ef324c39181e23bbf66", size = 486319, upload-time = "2026-02-02T12:36:53.006Z" },
    { url = "https://files.pythonhosted.org/packages/54/a2/9e12b48e82c6bbc6081fd81abf915e1443add1b13d8fc586e1d90bb02bb8/jiter-0.13.0-cp314-cp314-manylinux_2_17_s390x.manylinux2014_s390x.whl", hash = "sha256:87ce0f14c6c08892b610686ae8be350bf368467b6acd5085a5b65441e2bf36d2", size = 372289, upload-time = "2026-02-02T12:36:54.593Z" },
    { url = "https://files.pythonhosted.org/packages/4e/c1/e4693f107a1789a239c759a432e9afc592366f04e901470c2af89cfd28e1/jiter-0.13.0-cp314-cp314-manylinux_2_17_x86_64.manylinux2014_x86_64.whl", hash = "sha256:0c365005b05505a90d1c47856420980d0237adf82f70c4aff7aebd3c1cc143ad", size = 360165, upload-time = "2026-02-02T12:36:56.112Z" },
    { url = "https://files.pythonhosted.org/packages/17/08/91b9ea976c1c758240614bd88442681a87672eebc3d9a6dde476874e706b/jiter-0.13.0-cp314-cp314-manylinux_2_5_i686.manylinux1_i686.whl", hash = "sha256:1317fdffd16f5873e46ce27d0e0f7f4f90f0cdf1d86bf6abeaea9f63ca2c401d", size = 389634, upload-time = "2026-02-02T12:36:57.495Z" },
    { url = "https://files.pythonhosted.org/packages/18/23/58325ef99390d6d40427ed6005bf1ad54f2577866594bcf13ce55675f87d/jiter-0.13.0-cp314-cp314-musllinux_1_1_aarch64.whl", hash = "sha256:c05b450d37ba0c9e21c77fef1f205f56bcee2330bddca68d344baebfc55ae0df", size = 514933, upload-time = "2026-02-02T12:36:58.909Z" },
    { url = "https://files.pythonhosted.org/packages/5b/25/69f1120c7c395fd276c3996bb8adefa9c6b84c12bb7111e5c6ccdcd8526d/jiter-0.13.0-cp314-cp314-musllinux_1_1_x86_64.whl", hash = "sha256:775e10de3849d0631a97c603f996f518159272db00fdda0a780f81752255ee9d", size = 548842, upload-time = "2026-02-02T12:37:00.433Z" },
    { url = "https://files.pythonhosted.org/packages/18/05/981c9669d86850c5fbb0d9e62bba144787f9fba84546ba43d624ee27ef29/jiter-0.13.0-cp314-cp314-win32.whl", hash = "sha256:632bf7c1d28421c00dd8bbb8a3bac5663e1f57d5cd5ed962bce3c73bf62608e6", size = 202108, upload-time = "2026-02-02T12:37:01.718Z" },
    { url = "https://files.pythonhosted.org/packages/8d/96/cdcf54dd0b0341db7d25413229888a346c7130bd20820530905fdb65727b/jiter-0.13.0-cp314-cp314-win_amd64.whl", hash = "sha256:f22ef501c3f87ede88f23f9b11e608581c14f04db59b6a801f354397ae13739f", size = 204027, upload-time = "2026-02-02T12:37:03.075Z" },
    { url = "https://files.pythonhosted.org/packages/fb/f9/724bcaaab7a3cd727031fe4f6995cb86c4bd344909177c186699c8dec51a/jiter-0.13.0-cp314-cp314-win_arm64.whl", hash = "sha256:07b75fe09a4ee8e0c606200622e571e44943f47254f95e2436c8bdcaceb36d7d", size = 187199, upload-time = "2026-02-02T12:37:04.414Z" },
    { url = "https://files.pythonhosted.org/packages/62/92/1661d8b9fd6a3d7a2d89831db26fe3c1509a287d83ad7838831c7b7a5c7e/jiter-0.13.0-cp314-cp314t-macosx_11_0_arm64.whl", hash = "sha256:964538479359059a35fb400e769295d4b315ae61e4105396d355a12f7fef09f0", size = 318423, upload-time = "2026-02-02T12:37:05.806Z" },
    { url = "https://files.pythonhosted.org/packages/4f/3b/f77d342a54d4ebcd128e520fc58ec2f5b30a423b0fd26acdfc0c6fef8e26/jiter-0.13.0-cp314-cp314t-manylinux_2_17_aarch64.manylinux2014_aarch64.whl", hash = "sha256:e104da1db1c0991b3eaed391ccd650ae8d947eab1480c733e5a3fb28d4313e40", size = 351438, upload-time = "2026-02-02T12:37:07.189Z" },
    { url = "https://files.pythonhosted.org/packages/76/b3/ba9a69f0e4209bd3331470c723c2f5509e6f0482e416b612431a5061ed71/jiter-0.13.0-cp314-cp314t-manylinux_2_17_armv7l.manylinux2014_armv7l.whl", hash = "sha256:0e3a5f0cde8ff433b8e88e41aa40131455420fb3649a3c7abdda6145f8cb7202", size = 364774, upload-time = "2026-02-02T12:37:08.579Z" },
    { url = "https://files.pythonhosted.org/packages/b3/16/6cdb31fa342932602458dbb631bfbd47f601e03d2e4950740e0b2100b570/jiter-0.13.0-cp314-cp314t-manylinux_2_17_ppc64le.manylinux2014_ppc64le.whl", hash = "sha256:57aab48f40be1db920a582b30b116fe2435d184f77f0e4226f546794cedd9cf0", size = 487238, upload-time = "2026-02-02T12:37:10.066Z" },
    { url = "https://files.pythonhosted.org/packages/ed/b1/956cc7abaca8d95c13aa8d6c9b3f3797241c246cd6e792934cc4c8b250d2/jiter-0.13.0-cp314-cp314t-manylinux_2_17_s390x.manylinux2014_s390x.whl", hash = "sha256:7772115877c53f62beeb8fd853cab692dbc04374ef623b30f997959a4c0e7e95", size = 372892, upload-time = "2026-02-02T12:37:11.656Z" },
    { url = "https://files.pythonhosted.org/packages/26/c4/97ecde8b1e74f67b8598c57c6fccf6df86ea7861ed29da84629cdbba76c4/jiter-0.13.0-cp314-cp314t-manylinux_2_17_x86_64.manylinux2014_x86_64.whl", hash = "sha256:1211427574b17b633cfceba5040de8081e5abf114f7a7602f73d2e16f9fdaa59", size = 360309, upload-time = "2026-02-02T12:37:13.244Z" },
    { url = "https://files.pythonhosted.org/packages/4b/d7/eabe3cf46715854ccc80be2cd78dd4c36aedeb30751dbf85a1d08c14373c/jiter-0.13.0-cp314-cp314t-manylinux_2_5_i686.manylinux1_i686.whl", hash = "sha256:7beae3a3d3b5212d3a55d2961db3c292e02e302feb43fce6a3f7a31b90ea6dfe", size = 389607, upload-time = "2026-02-02T12:37:14.881Z" },
    { url = "https://files.pythonhosted.org/packages/df/2d/03963fc0804e6109b82decfb9974eb92df3797fe7222428cae12f8ccaa0c/jiter-0.13.0-cp314-cp314t-musllinux_1_1_aarch64.whl", hash = "sha256:e5562a0f0e90a6223b704163ea28e831bd3a9faa3512a711f031611e6b06c939", size = 514986, upload-time = "2026-02-02T12:37:16.326Z" },
    { url = "https://files.pythonhosted.org/packages/f6/6c/8c83b45eb3eb1c1e18d841fe30b4b5bc5619d781267ca9bc03e005d8fd0a/jiter-0.13.0-cp314-cp314t-musllinux_1_1_x86_64.whl", hash = "sha256:6c26a424569a59140fb51160a56df13f438a2b0967365e987889186d5fc2f6f9", size = 548756, upload-time = "2026-02-02T12:37:17.736Z" },
    { url = "https://files.pythonhosted.org/packages/47/66/eea81dfff765ed66c68fd2ed8c96245109e13c896c2a5015c7839c92367e/jiter-0.13.0-cp314-cp314t-win32.whl", hash = "sha256:24dc96eca9f84da4131cdf87a95e6ce36765c3b156fc9ae33280873b1c32d5f6", size = 201196, upload-time = "2026-02-02T12:37:19.101Z" },
    { url = "https://files.pythonhosted.org/packages/ff/32/4ac9c7a76402f8f00d00842a7f6b83b284d0cf7c1e9d4227bc95aa6d17fa/jiter-0.13.0-cp314-cp314t-win_amd64.whl", hash = "sha256:0a8d76c7524087272c8ae913f5d9d608bd839154b62c4322ef65723d2e5bb0b8", size = 204215, upload-time = "2026-02-02T12:37:20.495Z" },
    { url = "https://files.pythonhosted.org/packages/f9/8e/7def204fea9f9be8b3c21a6f2dd6c020cf56c7d5ff753e0e23ed7f9ea57e/jiter-0.13.0-cp314-cp314t-win_arm64.whl", hash = "sha256:2c26cf47e2cad140fa23b6d58d435a7c0161f5c514284802f25e87fddfe11024", size = 187152, upload-time = "2026-02-02T12:37:22.124Z" },
]

[[package]]
name = "msgspec"
version = "0.20.0"
source = { registry = "https://pypi.org/simple" }
sdist = { url = "https://files.pythonhosted.org/packages/ea/9c/bfbd12955a49180cbd234c5d29ec6f74fe641698f0cd9df154a854fc8a15/msgspec-0.20.0.tar.gz", hash = "sha256:692349e588fde322875f8d3025ac01689fead5901e7fb18d6870a44519d62a29", size = 317862, upload-time = "2025-11-24T03:56:28.934Z" }
wheels = [
    { url = "https://files.pythonhosted.org/packages/bb/18/62dc13ab0260c7d741dda8dc7f481495b93ac9168cd887dda5929880eef8/msgspec-0.20.0-cp314-cp314-macosx_10_15_x86_64.whl", hash = "sha256:eead16538db1b3f7ec6e3ed1f6f7c5dec67e90f76e76b610e1ffb5671815633a", size = 196407, upload-time = "2025-11-24T03:55:55.001Z" },
    { url = "https://files.pythonhosted.org/packages/dd/1d/b9949e4ad6953e9f9a142c7997b2f7390c81e03e93570c7c33caf65d27e1/msgspec-0.20.0-cp314-cp314-macosx_11_0_arm64.whl", hash = "sha256:703c3bb47bf47801627fb1438f106adbfa2998fe586696d1324586a375fca238", size = 188889, upload-time = "2025-11-24T03:55:56.311Z" },
    { url = "https://files.pythonhosted.org/packages/1e/19/f8bb2dc0f1bfe46cc7d2b6b61c5e9b5a46c62298e8f4d03bbe499c926180/msgspec-0.20.0-cp314-cp314-manylinux2014_aarch64.manylinux_2_17_aarch64.manylinux_2_28_aarch64.whl", hash = "sha256:6cdb227dc585fb109305cee0fd304c2896f02af93ecf50a9c84ee54ee67dbb42", size = 219691, upload-time = "2025-11-24T03:55:57.908Z" },
    { url = "https://files.pythonhosted.org/packages/b8/8e/6b17e43f6eb9369d9858ee32c97959fcd515628a1df376af96c11606cf70/msgspec-0.20.0-cp314-cp314-manylinux2014_x86_64.manylinux_2_17_x86_64.manylinux_2_28_x86_64.whl", hash = "sha256:27d35044dd8818ac1bd0fedb2feb4fbdff4e3508dd7c5d14316a12a2d96a0de0", size = 224918, upload-time = "2025-11-24T03:55:59.322Z" },
    { url = "https://files.pythonhosted.org/packages/1c/db/0e833a177db1a4484797adba7f429d4242585980b90882cc38709e1b62df/msgspec-0.20.0-cp314-cp314-musllinux_1_2_aarch64.whl", hash = "sha256:b4296393a29ee42dd25947981c65506fd4ad39beaf816f614146fa0c5a6c91ae", size = 223436, upload-time = "2025-11-24T03:56:00.716Z" },
    { url = "https://files.pythonhosted.org/packages/c3/30/d2ee787f4c918fd2b123441d49a7707ae9015e0e8e1ab51aa7967a97b90e/msgspec-0.20.0-cp314-cp314-musllinux_1_2_x86_64.whl", hash = "sha256:205fbdadd0d8d861d71c8f3399fe1a82a2caf4467bc8ff9a626df34c12176980", size = 227190, upload-time = "2025-11-24T03:56:02.371Z" },
    { url = "https://files.pythonhosted.org/packages/ff/37/9c4b58ff11d890d788e700b827db2366f4d11b3313bf136780da7017278b/msgspec-0.20.0-cp314-cp314-win_amd64.whl", hash = "sha256:7dfebc94fe7d3feec6bc6c9df4f7e9eccc1160bb5b811fbf3e3a56899e398a6b", size = 193950, upload-time = "2025-11-24T03:56:03.668Z" },
    { url = "https://files.pythonhosted.org/packages/e9/4e/cab707bf2fa57408e2934e5197fc3560079db34a1e3cd2675ff2e47e07de/msgspec-0.20.0-cp314-cp314-win_arm64.whl", hash = "sha256:2ad6ae36e4a602b24b4bf4eaf8ab5a441fec03e1f1b5931beca8ebda68f53fc0", size = 179018, upload-time = "2025-11-24T03:56:05.038Z" },
    { url = "https://files.pythonhosted.org/packages/4c/06/3da3fc9aaa55618a8f43eb9052453cfe01f82930bca3af8cea63a89f3a11/msgspec-0.20.0-cp314-cp314t-macosx_10_15_x86_64.whl", hash = "sha256:f84703e0e6ef025663dd1de828ca028774797b8155e070e795c548f76dde65d5", size = 200389, upload-time = "2025-11-24T03:56:06.375Z" },
    { url = "https://files.pythonhosted.org/packages/83/3b/cc4270a5ceab40dfe1d1745856951b0a24fd16ac8539a66ed3004a60c91e/msgspec-0.20.0-cp314-cp314t-macosx_11_0_arm64.whl", hash = "sha256:7c83fc24dd09cf1275934ff300e3951b3adc5573f0657a643515cc16c7dee131", size = 193198, upload-time = "2025-11-24T03:56:07.742Z" },
    { url = "https://files.pythonhosted.org/packages/cd/ae/4c7905ac53830c8e3c06fdd60e3cdcfedc0bbc993872d1549b84ea21a1bd/msgspec-0.20.0-cp314-cp314t-manylinux2014_aarch64.manylinux_2_17_aarch64.manylinux_2_28_aarch64.whl", hash = "sha256:5f13ccb1c335a124e80c4562573b9b90f01ea9521a1a87f7576c2e281d547f56", size = 225973, upload-time = "2025-11-24T03:56:09.18Z" },
    { url = "https://files.pythonhosted.org/packages/d9/da/032abac1de4d0678d99eaeadb1323bd9d247f4711c012404ba77ed6f15ca/msgspec-0.20.0-cp314-cp314t-manylinux2014_x86_64.manylinux_2_17_x86_64.manylinux_2_28_x86_64.whl", hash = "sha256:17c2b5ca19f19306fc83c96d85e606d2cc107e0caeea85066b5389f664e04846", size = 229509, upload-time = "2025-11-24T03:56:10.898Z" },
    { url = "https://files.pythonhosted.org/packages/69/52/fdc7bdb7057a166f309e0b44929e584319e625aaba4771b60912a9321ccd/msgspec-0.20.0-cp314-cp314t-musllinux_1_2_aarch64.whl", hash = "sha256:d931709355edabf66c2dd1a756b2d658593e79882bc81aae5964969d5a291b63", size = 230434, upload-time = "2025-11-24T03:56:12.48Z" },
    { url = "https://files.pythonhosted.org/packages/cb/fe/1dfd5f512b26b53043884e4f34710c73e294e7cc54278c3fe28380e42c37/msgspec-0.20.0-cp314-cp314t-musllinux_1_2_x86_64.whl", hash = "sha256:565f915d2e540e8a0c93a01ff67f50aebe1f7e22798c6a25873f9fda8d1325f8", size = 231758, upload-time = "2025-11-24T03:56:13.765Z" },
    { url = "https://files.pythonhosted.org/packages/97/f6/9ba7121b8e0c4e0beee49575d1dbc804e2e72467692f0428cf39ceba1ea5/msgspec-0.20.0-cp314-cp314t-win_amd64.whl", hash = "sha256:726f3e6c3c323f283f6021ebb6c8ccf58d7cd7baa67b93d73bfbe9a15c34ab8d", size = 206540, upload-time = "2025-11-24T03:56:15.029Z" },
    { url = "https://files.pythonhosted.org/packages/c8/3e/c5187de84bb2c2ca334ab163fcacf19a23ebb1d876c837f81a1b324a15bf/msgspec-0.20.0-cp314-cp314t-win_arm64.whl", hash = "sha256:93f23528edc51d9f686808a361728e903d6f2be55c901d6f5c92e44c6d546bfc", size = 183011, upload-time = "2025-11-24T03:56:16.442Z" },
]

[[package]]
name = "openai"
version = "2.17.0"
source = { registry = "https://pypi.org/simple" }
dependencies = [
    { name = "anyio" },
    { name = "distro" },
    { name = "httpx" },
    { name = "jiter" },
    { name = "pydantic" },
    { name = "sniffio" },
    { name = "tqdm" },
    { name = "typing-extensions" },
]
sdist = { url = "https://files.pythonhosted.org/packages/9c/a2/677f22c4b487effb8a09439fb6134034b5f0a39ca27df8b95fac23a93720/openai-2.17.0.tar.gz", hash = "sha256:47224b74bd20f30c6b0a6a329505243cb2f26d5cf84d9f8d0825ff8b35e9c999", size = 631445, upload-time = "2026-02-05T16:27:40.953Z" }
wheels = [
    { url = "https://files.pythonhosted.org/packages/44/97/284535aa75e6e84ab388248b5a323fc296b1f70530130dee37f7f4fbe856/openai-2.17.0-py3-none-any.whl", hash = "sha256:4f393fd886ca35e113aac7ff239bcd578b81d8f104f5aedc7d3693eb2af1d338", size = 1069524, upload-time = "2026-02-05T16:27:38.941Z" },
]

[[package]]
name = "packaging"
version = "26.0"
source = { registry = "https://pypi.org/simple" }
sdist = { url = "https://files.pythonhosted.org/packages/65/ee/299d360cdc32edc7d2cf530f3accf79c4fca01e96ffc950d8a52213bd8e4/packaging-26.0.tar.gz", hash = "sha256:00243ae351a257117b6a241061796684b084ed1c516a08c48a3f7e147a9d80b4", size = 143416, upload-time = "2026-01-21T20:50:39.064Z" }
wheels = [
    { url = "https://files.pythonhosted.org/packages/b7/b9/c538f279a4e237a006a2c98387d081e9eb060d203d8ed34467cc0f0b9b53/packaging-26.0-py3-none-any.whl", hash = "sha256:b36f1fef9334a5588b4166f8bcd26a14e521f2b55e6b9de3aaa80d3ff7a37529", size = 74366, upload-time = "2026-01-21T20:50:37.788Z" },
]

[[package]]
name = "pluggy"
version = "1.6.0"
source = { registry = "https://pypi.org/simple" }
sdist = { url = "https://files.pythonhosted.org/packages/f9/e2/3e91f31a7d2b083fe6ef3fa267035b518369d9511ffab804f839851d2779/pluggy-1.6.0.tar.gz", hash = "sha256:7dcc130b76258d33b90f61b658791dede3486c3e6bfb003ee5c9bfb396dd22f3", size = 69412, upload-time = "2025-05-15T12:30:07.975Z" }
wheels = [
    { url = "https://files.pythonhosted.org/packages/54/20/4d324d65cc6d9205fabedc306948156824eb9f0ee1633355a8f7ec5c66bf/pluggy-1.6.0-py3-none-any.whl", hash = "sha256:e920276dd6813095e9377c0bc5566d94c932c33b27a3e3945d8389c374dd4746", size = 20538, upload-time = "2025-05-15T12:30:06.134Z" },
]

[[package]]
name = "pydantic"
version = "2.12.5"
source = { registry = "https://pypi.org/simple" }
dependencies = [
    { name = "annotated-types" },
    { name = "pydantic-core" },
    { name = "typing-extensions" },
    { name = "typing-inspection" },
]
sdist = { url = "https://files.pythonhosted.org/packages/69/44/36f1a6e523abc58ae5f928898e4aca2e0ea509b5aa6f6f392a5d882be928/pydantic-2.12.5.tar.gz", hash = "sha256:4d351024c75c0f085a9febbb665ce8c0c6ec5d30e903bdb6394b7ede26aebb49", size = 821591, upload-time = "2025-11-26T15:11:46.471Z" }
wheels = [
    { url = "https://files.pythonhosted.org/packages/5a/87/b70ad306ebb6f9b585f114d0ac2137d792b48be34d732d60e597c2f8465a/pydantic-2.12.5-py3-none-any.whl", hash = "sha256:e561593fccf61e8a20fc46dfc2dfe075b8be7d0188df33f221ad1f0139180f9d", size = 463580, upload-time = "2025-11-26T15:11:44.605Z" },
]

[[package]]
name = "pydantic-core"
version = "2.41.5"
source = { registry = "https://pypi.org/simple" }
dependencies = [
    { name = "typing-extensions" },
]
sdist = { url = "https://files.pythonhosted.org/packages/71/70/23b021c950c2addd24ec408e9ab05d59b035b39d97cdc1130e1bce647bb6/pydantic_core-2.41.5.tar.gz", hash = "sha256:08daa51ea16ad373ffd5e7606252cc32f07bc72b28284b6bc9c6df804816476e", size = 460952, upload-time = "2025-11-04T13:43:49.098Z" }
wheels = [
    { url = "https://files.pythonhosted.org/packages/ea/28/46b7c5c9635ae96ea0fbb779e271a38129df2550f763937659ee6c5dbc65/pydantic_core-2.41.5-cp314-cp314-macosx_10_12_x86_64.whl", hash = "sha256:3f37a19d7ebcdd20b96485056ba9e8b304e27d9904d233d7b1015db320e51f0a", size = 2119622, upload-time = "2025-11-04T13:40:56.68Z" },
    { url = "https://files.pythonhosted.org/packages/74/1a/145646e5687e8d9a1e8d09acb278c8535ebe9e972e1f162ed338a622f193/pydantic_core-2.41.5-cp314-cp314-macosx_11_0_arm64.whl", hash = "sha256:1d1d9764366c73f996edd17abb6d9d7649a7eb690006ab6adbda117717099b14", size = 1891725, upload-time = "2025-11-04T13:40:58.807Z" },
    { url = "https://files.pythonhosted.org/packages/23/04/e89c29e267b8060b40dca97bfc64a19b2a3cf99018167ea1677d96368273/pydantic_core-2.41.5-cp314-cp314-manylinux_2_17_aarch64.manylinux2014_aarch64.whl", hash = "sha256:25e1c2af0fce638d5f1988b686f3b3ea8cd7de5f244ca147c777769e798a9cd1", size = 1915040, upload-time = "2025-11-04T13:41:00.853Z" },
    { url = "https://files.pythonhosted.org/packages/84/a3/15a82ac7bd97992a82257f777b3583d3e84bdb06ba6858f745daa2ec8a85/pydantic_core-2.41.5-cp314-cp314-manylinux_2_17_armv7l.manylinux2014_armv7l.whl", hash = "sha256:506d766a8727beef16b7adaeb8ee6217c64fc813646b424d0804d67c16eddb66", size = 2063691, upload-time = "2025-11-04T13:41:03.504Z" },
    { url = "https://files.pythonhosted.org/packages/74/9b/0046701313c6ef08c0c1cf0e028c67c770a4e1275ca73131563c5f2a310a/pydantic_core-2.41.5-cp314-cp314-manylinux_2_17_ppc64le.manylinux2014_ppc64le.whl", hash = "sha256:4819fa52133c9aa3c387b3328f25c1facc356491e6135b459f1de698ff64d869", size = 2213897, upload-time = "2025-11-04T13:41:05.804Z" },
    { url = "https://files.pythonhosted.org/packages/8a/cd/6bac76ecd1b27e75a95ca3a9a559c643b3afcd2dd62086d4b7a32a18b169/pydantic_core-2.41.5-cp314-cp314-manylinux_2_17_s390x.manylinux2014_s390x.whl", hash = "sha256:2b761d210c9ea91feda40d25b4efe82a1707da2ef62901466a42492c028553a2", size = 2333302, upload-time = "2025-11-04T13:41:07.809Z" },
    { url = "https://files.pythonhosted.org/packages/4c/d2/ef2074dc020dd6e109611a8be4449b98cd25e1b9b8a303c2f0fca2f2bcf7/pydantic_core-2.41.5-cp314-cp314-manylinux_2_17_x86_64.manylinux2014_x86_64.whl", hash = "sha256:22f0fb8c1c583a3b6f24df2470833b40207e907b90c928cc8d3594b76f874375", size = 2064877, upload-time = "2025-11-04T13:41:09.827Z" },
    { url = "https://files.pythonhosted.org/packages/18/66/e9db17a9a763d72f03de903883c057b2592c09509ccfe468187f2a2eef29/pydantic_core-2.41.5-cp314-cp314-manylinux_2_5_i686.manylinux1_i686.whl", hash = "sha256:2782c870e99878c634505236d81e5443092fba820f0373997ff75f90f68cd553", size = 2180680, upload-time = "2025-11-04T13:41:12.379Z" },
    { url = "https://files.pythonhosted.org/packages/d3/9e/3ce66cebb929f3ced22be85d4c2399b8e85b622db77dad36b73c5387f8f8/pydantic_core-2.41.5-cp314-cp314-musllinux_1_1_aarch64.whl", hash = "sha256:0177272f88ab8312479336e1d777f6b124537d47f2123f89cb37e0accea97f90", size = 2138960, upload-time = "2025-11-04T13:41:14.627Z" },
    { url = "https://files.pythonhosted.org/packages/a6/62/205a998f4327d2079326b01abee48e502ea739d174f0a89295c481a2272e/pydantic_core-2.41.5-cp314-cp314-musllinux_1_1_armv7l.whl", hash = "sha256:63510af5e38f8955b8ee5687740d6ebf7c2a0886d15a6d65c32814613681bc07", size = 2339102, upload-time = "2025-11-04T13:41:16.868Z" },
    { url = "https://files.pythonhosted.org/packages/3c/0d/f05e79471e889d74d3d88f5bd20d0ed189ad94c2423d81ff8d0000aab4ff/pydantic_core-2.41.5-cp314-cp314-musllinux_1_1_x86_64.whl", hash = "sha256:e56ba91f47764cc14f1daacd723e3e82d1a89d783f0f5afe9c364b8bb491ccdb", size = 2326039, upload-time = "2025-11-04T13:41:18.934Z" },
    { url = "https://files.pythonhosted.org/packages/ec/e1/e08a6208bb100da7e0c4b288eed624a703f4d129bde2da475721a80cab32/pydantic_core-2.41.5-cp314-cp314-win32.whl", hash = "sha256:aec5cf2fd867b4ff45b9959f8b20ea3993fc93e63c7363fe6851424c8a7e7c23", size = 1995126, upload-time = "2025-11-04T13:41:21.418Z" },
    { url = "https://files.pythonhosted.org/packages/48/5d/56ba7b24e9557f99c9237e29f5c09913c81eeb2f3217e40e922353668092/pydantic_core-2.41.5-cp314-cp314-win_amd64.whl", hash = "sha256:8e7c86f27c585ef37c35e56a96363ab8de4e549a95512445b85c96d3e2f7c1bf", size = 2015489, upload-time = "2025-11-04T13:41:24.076Z" },
    { url = "https://files.pythonhosted.org/packages/4e/bb/f7a190991ec9e3e0ba22e4993d8755bbc4a32925c0b5b42775c03e8148f9/pydantic_core-2.41.5-cp314-cp314-win_arm64.whl", hash = "sha256:e672ba74fbc2dc8eea59fb6d4aed6845e6905fc2a8afe93175d94a83ba2a01a0", size = 1977288, upload-time = "2025-11-04T13:41:26.33Z" },
    { url = "https://files.pythonhosted.org/packages/92/ed/77542d0c51538e32e15afe7899d79efce4b81eee631d99850edc2f5e9349/pydantic_core-2.41.5-cp314-cp314t-macosx_10_12_x86_64.whl", hash = "sha256:8566def80554c3faa0e65ac30ab0932b9e3a5cd7f8323764303d468e5c37595a", size = 2120255, upload-time = "2025-11-04T13:41:28.569Z" },
    { url = "https://files.pythonhosted.org/packages/bb/3d/6913dde84d5be21e284439676168b28d8bbba5600d838b9dca99de0fad71/pydantic_core-2.41.5-cp314-cp314t-macosx_11_0_arm64.whl", hash = "sha256:b80aa5095cd3109962a298ce14110ae16b8c1aece8b72f9dafe81cf597ad80b3", size = 1863760, upload-time = "2025-11-04T13:41:31.055Z" },
    { url = "https://files.pythonhosted.org/packages/5a/f0/e5e6b99d4191da102f2b0eb9687aaa7f5bea5d9964071a84effc3e40f997/pydantic_core-2.41.5-cp314-cp314t-manylinux_2_17_aarch64.manylinux2014_aarch64.whl", hash = "sha256:3006c3dd9ba34b0c094c544c6006cc79e87d8612999f1a5d43b769b89181f23c", size = 1878092, upload-time = "2025-11-04T13:41:33.21Z" },
    { url = "https://files.pythonhosted.org/packages/71/48/36fb760642d568925953bcc8116455513d6e34c4beaa37544118c36aba6d/pydantic_core-2.41.5-cp314-cp314t-manylinux_2_17_armv7l.manylinux2014_armv7l.whl", hash = "sha256:72f6c8b11857a856bcfa48c86f5368439f74453563f951e473514579d44aa612", size = 2053385, upload-time = "2025-11-04T13:41:35.508Z" },
    { url = "https://files.pythonhosted.org/packages/20/25/92dc684dd8eb75a234bc1c764b4210cf2646479d54b47bf46061657292a8/pydantic_core-2.41.5-cp314-cp314t-manylinux_2_17_ppc64le.manylinux2014_ppc64le.whl", hash = "sha256:5cb1b2f9742240e4bb26b652a5aeb840aa4b417c7748b6f8387927bc6e45e40d", size = 2218832, upload-time = "2025-11-04T13:41:37.732Z" },
    { url = "https://files.pythonhosted.org/packages/e2/09/f53e0b05023d3e30357d82eb35835d0f6340ca344720a4599cd663dca599/pydantic_core-2.41.5-cp314-cp314t-manylinux_2_17_s390x.manylinux2014_s390x.whl", hash = "sha256:bd3d54f38609ff308209bd43acea66061494157703364ae40c951f83ba99a1a9", size = 2327585, upload-time = "2025-11-04T13:41:40Z" },
    { url = "https://files.pythonhosted.org/packages/aa/4e/2ae1aa85d6af35a39b236b1b1641de73f5a6ac4d5a7509f77b814885760c/pydantic_core-2.41.5-cp314-cp314t-manylinux_2_17_x86_64.manylinux2014_x86_64.whl", hash = "sha256:2ff4321e56e879ee8d2a879501c8e469414d948f4aba74a2d4593184eb326660", size = 2041078, upload-time = "2025-11-04T13:41:42.323Z" },
    { url = "https://files.pythonhosted.org/packages/cd/13/2e215f17f0ef326fc72afe94776edb77525142c693767fc347ed6288728d/pydantic_core-2.41.5-cp314-cp314t-manylinux_2_5_i686.manylinux1_i686.whl", hash = "sha256:d0d2568a8c11bf8225044aa94409e21da0cb09dcdafe9ecd10250b2baad531a9", size = 2173914, upload-time = "2025-11-04T13:41:45.221Z" },
    { url = "https://files.pythonhosted.org/packages/02/7a/f999a6dcbcd0e5660bc348a3991c8915ce6599f4f2c6ac22f01d7a10816c/pydantic_core-2.41.5-cp314-cp314t-musllinux_1_1_aarch64.whl", hash = "sha256:a39455728aabd58ceabb03c90e12f71fd30fa69615760a075b9fec596456ccc3", size = 2129560, upload-time = "2025-11-04T13:41:47.474Z" },
    { url = "https://files.pythonhosted.org/packages/3a/b1/6c990ac65e3b4c079a4fb9f5b05f5b013afa0f4ed6780a3dd236d2cbdc64/pydantic_core-2.41.5-cp314-cp314t-musllinux_1_1_armv7l.whl", hash = "sha256:239edca560d05757817c13dc17c50766136d21f7cd0fac50295499ae24f90fdf", size = 2329244, upload-time = "2025-11-04T13:41:49.992Z" },
    { url = "https://files.pythonhosted.org/packages/d9/02/3c562f3a51afd4d88fff8dffb1771b30cfdfd79befd9883ee094f5b6c0d8/pydantic_core-2.41.5-cp314-cp314t-musllinux_1_1_x86_64.whl", hash = "sha256:2a5e06546e19f24c6a96a129142a75cee553cc018ffee48a460059b1185f4470", size = 2331955, upload-time = "2025-11-04T13:41:54.079Z" },
    { url = "https://files.pythonhosted.org/packages/5c/96/5fb7d8c3c17bc8c62fdb031c47d77a1af698f1d7a406b0f79aaa1338f9ad/pydantic_core-2.41.5-cp314-cp314t-win32.whl", hash = "sha256:b4ececa40ac28afa90871c2cc2b9ffd2ff0bf749380fbdf57d165fd23da353aa", size = 1988906, upload-time = "2025-11-04T13:41:56.606Z" },
    { url = "https://files.pythonhosted.org/packages/22/ed/182129d83032702912c2e2d8bbe33c036f342cc735737064668585dac28f/pydantic_core-2.41.5-cp314-cp314t-win_amd64.whl", hash = "sha256:80aa89cad80b32a912a65332f64a4450ed00966111b6615ca6816153d3585a8c", size = 1981607, upload-time = "2025-11-04T13:41:58.889Z" },
    { url = "https://files.pythonhosted.org/packages/9f/ed/068e41660b832bb0b1aa5b58011dea2a3fe0ba7861ff38c4d4904c1c1a99/pydantic_core-2.41.5-cp314-cp314t-win_arm64.whl", hash = "sha256:35b44f37a3199f771c3eaa53051bc8a70cd7b54f333531c59e29fd4db5d15008", size = 1974769, upload-time = "2025-11-04T13:42:01.186Z" },
]

[[package]]
name = "pygments"
version = "2.19.2"
source = { registry = "https://pypi.org/simple" }
sdist = { url = "https://files.pythonhosted.org/packages/b0/77/a5b8c569bf593b0140bde72ea885a803b82086995367bf2037de0159d924/pygments-2.19.2.tar.gz", hash = "sha256:636cb2477cec7f8952536970bc533bc43743542f70392ae026374600add5b887", size = 4968631, upload-time = "2025-06-21T13:39:12.283Z" }
wheels = [
    { url = "https://files.pythonhosted.org/packages/c7/21/705964c7812476f378728bdf590ca4b771ec72385c533964653c68e86bdc/pygments-2.19.2-py3-none-any.whl", hash = "sha256:86540386c03d588bb81d44bc3928634ff26449851e99741617ecb9037ee5ec0b", size = 1225217, upload-time = "2025-06-21T13:39:07.939Z" },
]

[[package]]
name = "pytest"
version = "9.0.2"
source = { registry = "https://pypi.org/simple" }
dependencies = [
    { name = "colorama", marker = "sys_platform == 'win32'" },
    { name = "iniconfig" },
    { name = "packaging" },
    { name = "pluggy" },
    { name = "pygments" },
]
sdist = { url = "https://files.pythonhosted.org/packages/d1/db/7ef3487e0fb0049ddb5ce41d3a49c235bf9ad299b6a25d5780a89f19230f/pytest-9.0.2.tar.gz", hash = "sha256:75186651a92bd89611d1d9fc20f0b4345fd827c41ccd5c299a868a05d70edf11", size = 1568901, upload-time = "2025-12-06T21:30:51.014Z" }
wheels = [
    { url = "https://files.pythonhosted.org/packages/3b/ab/b3226f0bd7cdcf710fbede2b3548584366da3b19b5021e74f5bde2a8fa3f/pytest-9.0.2-py3-none-any.whl", hash = "sha256:711ffd45bf766d5264d487b917733b453d917afd2b0ad65223959f59089f875b", size = 374801, upload-time = "2025-12-06T21:30:49.154Z" },
]

[[package]]
name = "pytest-asyncio"
version = "1.3.0"
source = { registry = "https://pypi.org/simple" }
dependencies = [
    { name = "pytest" },
]
sdist = { url = "https://files.pythonhosted.org/packages/90/2c/8af215c0f776415f3590cac4f9086ccefd6fd463befeae41cd4d3f193e5a/pytest_asyncio-1.3.0.tar.gz", hash = "sha256:d7f52f36d231b80ee124cd216ffb19369aa168fc10095013c6b014a34d3ee9e5", size = 50087, upload-time = "2025-11-10T16:07:47.256Z" }
wheels = [
    { url = "https://files.pythonhosted.org/packages/e5/35/f8b19922b6a25bc0880171a2f1a003eaeb93657475193ab516fd87cac9da/pytest_asyncio-1.3.0-py3-none-any.whl", hash = "sha256:611e26147c7f77640e6d0a92a38ed17c3e9848063698d5c93d5aa7aa11cebff5", size = 15075, upload-time = "2025-11-10T16:07:45.537Z" },
]

[[package]]
name = "pyyaml"
version = "6.0.3"
source = { registry = "https://pypi.org/simple" }
sdist = { url = "https://files.pythonhosted.org/packages/05/8e/961c0007c59b8dd7729d542c61a4d537767a59645b82a0b521206e1e25c2/pyyaml-6.0.3.tar.gz", hash = "sha256:d76623373421df22fb4cf8817020cbb7ef15c725b9d5e45f17e189bfc384190f", size = 130960, upload-time = "2025-09-25T21:33:16.546Z" }
wheels = [
    { url = "https://files.pythonhosted.org/packages/9d/8c/f4bd7f6465179953d3ac9bc44ac1a8a3e6122cf8ada906b4f96c60172d43/pyyaml-6.0.3-cp314-cp314-macosx_10_13_x86_64.whl", hash = "sha256:8d1fab6bb153a416f9aeb4b8763bc0f22a5586065f86f7664fc23339fc1c1fac", size = 181814, upload-time = "2025-09-25T21:32:35.712Z" },
    { url = "https://files.pythonhosted.org/packages/bd/9c/4d95bb87eb2063d20db7b60faa3840c1b18025517ae857371c4dd55a6b3a/pyyaml-6.0.3-cp314-cp314-macosx_11_0_arm64.whl", hash = "sha256:34d5fcd24b8445fadc33f9cf348c1047101756fd760b4dacb5c3e99755703310", size = 173809, upload-time = "2025-09-25T21:32:36.789Z" },
    { url = "https://files.pythonhosted.org/packages/92/b5/47e807c2623074914e29dabd16cbbdd4bf5e9b2db9f8090fa64411fc5382/pyyaml-6.0.3-cp314-cp314-manylinux2014_aarch64.manylinux_2_17_aarch64.manylinux_2_28_aarch64.whl", hash = "sha256:501a031947e3a9025ed4405a168e6ef5ae3126c59f90ce0cd6f2bfc477be31b7", size = 766454, upload-time = "2025-09-25T21:32:37.966Z" },
    { url = "https://files.pythonhosted.org/packages/02/9e/e5e9b168be58564121efb3de6859c452fccde0ab093d8438905899a3a483/pyyaml-6.0.3-cp314-cp314-manylinux2014_s390x.manylinux_2_17_s390x.manylinux_2_28_s390x.whl", hash = "sha256:b3bc83488de33889877a0f2543ade9f70c67d66d9ebb4ac959502e12de895788", size = 836355, upload-time = "2025-09-25T21:32:39.178Z" },
    { url = "https://files.pythonhosted.org/packages/88/f9/16491d7ed2a919954993e48aa941b200f38040928474c9e85ea9e64222c3/pyyaml-6.0.3-cp314-cp314-manylinux2014_x86_64.manylinux_2_17_x86_64.manylinux_2_28_x86_64.whl", hash = "sha256:c458b6d084f9b935061bc36216e8a69a7e293a2f1e68bf956dcd9e6cbcd143f5", size = 794175, upload-time = "2025-09-25T21:32:40.865Z" },
    { url = "https://files.pythonhosted.org/packages/dd/3f/5989debef34dc6397317802b527dbbafb2b4760878a53d4166579111411e/pyyaml-6.0.3-cp314-cp314-musllinux_1_2_aarch64.whl", hash = "sha256:7c6610def4f163542a622a73fb39f534f8c101d690126992300bf3207eab9764", size = 755228, upload-time = "2025-09-25T21:32:42.084Z" },
    { url = "https://files.pythonhosted.org/packages/d7/ce/af88a49043cd2e265be63d083fc75b27b6ed062f5f9fd6cdc223ad62f03e/pyyaml-6.0.3-cp314-cp314-musllinux_1_2_x86_64.whl", hash = "sha256:5190d403f121660ce8d1d2c1bb2ef1bd05b5f68533fc5c2ea899bd15f4399b35", size = 789194, upload-time = "2025-09-25T21:32:43.362Z" },
    { url = "https://files.pythonhosted.org/packages/23/20/bb6982b26a40bb43951265ba29d4c246ef0ff59c9fdcdf0ed04e0687de4d/pyyaml-6.0.3-cp314-cp314-win_amd64.whl", hash = "sha256:4a2e8cebe2ff6ab7d1050ecd59c25d4c8bd7e6f400f5f82b96557ac0abafd0ac", size = 156429, upload-time = "2025-09-25T21:32:57.844Z" },
    { url = "https://files.pythonhosted.org/packages/f4/f4/a4541072bb9422c8a883ab55255f918fa378ecf083f5b85e87fc2b4eda1b/pyyaml-6.0.3-cp314-cp314-win_arm64.whl", hash = "sha256:93dda82c9c22deb0a405ea4dc5f2d0cda384168e466364dec6255b293923b2f3", size = 143912, upload-time = "2025-09-25T21:32:59.247Z" },
    { url = "https://files.pythonhosted.org/packages/7c/f9/07dd09ae774e4616edf6cda684ee78f97777bdd15847253637a6f052a62f/pyyaml-6.0.3-cp314-cp314t-macosx_10_13_x86_64.whl", hash = "sha256:02893d100e99e03eda1c8fd5c441d8c60103fd175728e23e431db1b589cf5ab3", size = 189108, upload-time = "2025-09-25T21:32:44.377Z" },
    { url = "https://files.pythonhosted.org/packages/4e/78/8d08c9fb7ce09ad8c38ad533c1191cf27f7ae1effe5bb9400a46d9437fcf/pyyaml-6.0.3-cp314-cp314t-macosx_11_0_arm64.whl", hash = "sha256:c1ff362665ae507275af2853520967820d9124984e0f7466736aea23d8611fba", size = 183641, upload-time = "2025-09-25T21:32:45.407Z" },
    { url = "https://files.pythonhosted.org/packages/7b/5b/3babb19104a46945cf816d047db2788bcaf8c94527a805610b0289a01c6b/pyyaml-6.0.3-cp314-cp314t-manylinux2014_aarch64.manylinux_2_17_aarch64.manylinux_2_28_aarch64.whl", hash = "sha256:6adc77889b628398debc7b65c073bcb99c4a0237b248cacaf3fe8a557563ef6c", size = 831901, upload-time = "2025-09-25T21:32:48.83Z" },
    { url = "https://files.pythonhosted.org/packages/8b/cc/dff0684d8dc44da4d22a13f35f073d558c268780ce3c6ba1b87055bb0b87/pyyaml-6.0.3-cp314-cp314t-manylinux2014_s390x.manylinux_2_17_s390x.manylinux_2_28_s390x.whl", hash = "sha256:a80cb027f6b349846a3bf6d73b5e95e782175e52f22108cfa17876aaeff93702", size = 861132, upload-time = "2025-09-25T21:32:50.149Z" },
    { url = "https://files.pythonhosted.org/packages/b1/5e/f77dc6b9036943e285ba76b49e118d9ea929885becb0a29ba8a7c75e29fe/pyyaml-6.0.3-cp314-cp314t-manylinux2014_x86_64.manylinux_2_17_x86_64.manylinux_2_28_x86_64.whl", hash = "sha256:00c4bdeba853cc34e7dd471f16b4114f4162dc03e6b7afcc2128711f0eca823c", size = 839261, upload-time = "2025-09-25T21:32:51.808Z" },
    { url = "https://files.pythonhosted.org/packages/ce/88/a9db1376aa2a228197c58b37302f284b5617f56a5d959fd1763fb1675ce6/pyyaml-6.0.3-cp314-cp314t-musllinux_1_2_aarch64.whl", hash = "sha256:66e1674c3ef6f541c35191caae2d429b967b99e02040f5ba928632d9a7f0f065", size = 805272, upload-time = "2025-09-25T21:32:52.941Z" },
    { url = "https://files.pythonhosted.org/packages/da/92/1446574745d74df0c92e6aa4a7b0b3130706a4142b2d1a5869f2eaa423c6/pyyaml-6.0.3-cp314-cp314t-musllinux_1_2_x86_64.whl", hash = "sha256:16249ee61e95f858e83976573de0f5b2893b3677ba71c9dd36b9cf8be9ac6d65", size = 829923, upload-time = "2025-09-25T21:32:54.537Z" },
    { url = "https://files.pythonhosted.org/packages/f0/7a/1c7270340330e575b92f397352af856a8c06f230aa3e76f86b39d01b416a/pyyaml-6.0.3-cp314-cp314t-win_amd64.whl", hash = "sha256:4ad1906908f2f5ae4e5a8ddfce73c320c2a1429ec52eafd27138b7f1cbe341c9", size = 174062, upload-time = "2025-09-25T21:32:55.767Z" },
    { url = "https://files.pythonhosted.org/packages/f1/12/de94a39c2ef588c7e6455cfbe7343d3b2dc9d6b6b2f40c4c6565744c873d/pyyaml-6.0.3-cp314-cp314t-win_arm64.whl", hash = "sha256:ebc55a14a21cb14062aa4162f906cd962b28e2e9ea38f9b4391244cd8de4ae0b", size = 149341, upload-time = "2025-09-25T21:32:56.828Z" },
]

[[package]]
name = "sniffio"
version = "1.3.1"
source = { registry = "https://pypi.org/simple" }
sdist = { url = "https://files.pythonhosted.org/packages/a2/87/a6771e1546d97e7e041b6ae58d80074f81b7d5121207425c964ddf5cfdbd/sniffio-1.3.1.tar.gz", hash = "sha256:f4324edc670a0f49750a81b895f35c3adb843cca46f0530f79fc1babb23789dc", size = 20372, upload-time = "2024-02-25T23:20:04.057Z" }
wheels = [
    { url = "https://files.pythonhosted.org/packages/e9/44/75a9c9421471a6c4805dbf2356f7c181a29c1879239abab1ea2cc8f38b40/sniffio-1.3.1-py3-none-any.whl", hash = "sha256:2f6da418d1f1e0fddd844478f41680e794e6051915791a034ff65e5f100525a2", size = 10235, upload-time = "2024-02-25T23:20:01.196Z" },
]

[[package]]
name = "tqdm"
version = "4.67.3"
source = { registry = "https://pypi.org/simple" }
dependencies = [
    { name = "colorama", marker = "sys_platform == 'win32'" },
]
sdist = { url = "https://files.pythonhosted.org/packages/09/a9/6ba95a270c6f1fbcd8dac228323f2777d886cb206987444e4bce66338dd4/tqdm-4.67.3.tar.gz", hash = "sha256:7d825f03f89244ef73f1d4ce193cb1774a8179fd96f31d7e1dcde62092b960bb", size = 169598, upload-time = "2026-02-03T17:35:53.048Z" }
wheels = [
    { url = "https://files.pythonhosted.org/packages/16/e1/3079a9ff9b8e11b846c6ac5c8b5bfb7ff225eee721825310c91b3b50304f/tqdm-4.67.3-py3-none-any.whl", hash = "sha256:ee1e4c0e59148062281c49d80b25b67771a127c85fc9676d3be5f243206826bf", size = 78374, upload-time = "2026-02-03T17:35:50.982Z" },
]

[[package]]
name = "typing-extensions"
version = "4.15.0"
source = { registry = "https://pypi.org/simple" }
sdist = { url = "https://files.pythonhosted.org/packages/72/94/1a15dd82efb362ac84269196e94cf00f187f7ed21c242792a923cdb1c61f/typing_extensions-4.15.0.tar.gz", hash = "sha256:0cea48d173cc12fa28ecabc3b837ea3cf6f38c6d1136f85cbaaf598984861466", size = 109391, upload-time = "2025-08-25T13:49:26.313Z" }
wheels = [
    { url = "https://files.pythonhosted.org/packages/18/67/36e9267722cc04a6b9f15c7f3441c2363321a3ea07da7ae0c0707beb2a9c/typing_extensions-4.15.0-py3-none-any.whl", hash = "sha256:f0fa19c6845758ab08074a0cfa8b7aecb71c999ca73d62883bc25cc018c4e548", size = 44614, upload-time = "2025-08-25T13:49:24.86Z" },
]

[[package]]
name = "typing-inspection"
version = "0.4.2"
source = { registry = "https://pypi.org/simple" }
dependencies = [
    { name = "typing-extensions" },
]
sdist = { url = "https://files.pythonhosted.org/packages/55/e3/70399cb7dd41c10ac53367ae42139cf4b1ca5f36bb3dc6c9d33acdb43655/typing_inspection-0.4.2.tar.gz", hash = "sha256:ba561c48a67c5958007083d386c3295464928b01faa735ab8547c5692e87f464", size = 75949, upload-time = "2025-10-01T02:14:41.687Z" }
wheels = [
    { url = "https://files.pythonhosted.org/packages/dc/9b/47798a6c91d8bdb567fe2698fe81e0c6b7cb7ef4d13da4114b41d239f65d/typing_inspection-0.4.2-py3-none-any.whl", hash = "sha256:4ed1cacbdc298c220f1bd249ed5287caa16f34d44ef4e9c3d0cbad5b521545e7", size = 14611, upload-time = "2025-10-01T02:14:40.154Z" },
]

[[package]]
name = "yuullm"
version = "0.1.0"
source = { editable = "." }
dependencies = [
    { name = "anthropic" },
    { name = "genai-prices" },
    { name = "msgspec" },
    { name = "openai" },
    { name = "pyyaml" },
]

[package.optional-dependencies]
dev = [
    { name = "pytest" },
    { name = "pytest-asyncio" },
]

[package.metadata]
requires-dist = [
    { name = "anthropic", specifier = ">=0.52.0" },
    { name = "genai-prices", specifier = ">=0.0.50" },
    { name = "msgspec", specifier = ">=0.19.0" },
    { name = "openai", specifier = ">=1.70.0" },
    { name = "pytest", marker = "extra == 'dev'", specifier = ">=8.0" },
    { name = "pytest-asyncio", marker = "extra == 'dev'", specifier = ">=0.26.0" },
    { name = "pyyaml", specifier = ">=6.0" },
]
provides-extras = ["dev"]
